// !$*UTF8*$!
{
	archiveVersion = 1;
	classes = {
	};
	objectVersion = 51;
	objects = {

/* Begin PBXBuildFile section */
		8F1B63046C617E05E39EE9C3 /* Pods_GitHubApp.framework in Frameworks */ = {isa = PBXBuildFile; fileRef = F3D8A2CBC20653BA24DF7D5A /* Pods_GitHubApp.framework */; };
		D80DF81625410992002BD1FA /* UIImageView+makeRounded.swift in Sources */ = {isa = PBXBuildFile; fileRef = D80DF81525410992002BD1FA /* UIImageView+makeRounded.swift */; };
		D80DF81A254229AB002BD1FA /* Networking.swift in Sources */ = {isa = PBXBuildFile; fileRef = D80DF819254229AB002BD1FA /* Networking.swift */; };
		D80DF81E25422A1B002BD1FA /* SearchResultsViewController.swift in Sources */ = {isa = PBXBuildFile; fileRef = D80DF81D25422A1B002BD1FA /* SearchResultsViewController.swift */; };
		D80DF82125422A8A002BD1FA /* Repo.swift in Sources */ = {isa = PBXBuildFile; fileRef = D80DF82025422A8A002BD1FA /* Repo.swift */; };
		D80DF82725422CC5002BD1FA /* RepoCell.swift in Sources */ = {isa = PBXBuildFile; fileRef = D80DF82625422CC5002BD1FA /* RepoCell.swift */; };
		D80DF82D2543761A002BD1FA /* HeaderView.swift in Sources */ = {isa = PBXBuildFile; fileRef = D80DF82C2543761A002BD1FA /* HeaderView.swift */; };
		D80DF83125437E13002BD1FA /* SearchResultsViewController+UiTableViewDelegate.swift in Sources */ = {isa = PBXBuildFile; fileRef = D80DF83025437E13002BD1FA /* SearchResultsViewController+UiTableViewDelegate.swift */; };
		D80DF835254381A2002BD1FA /* SearchResultsViewController+UITableViewDataSource.swift in Sources */ = {isa = PBXBuildFile; fileRef = D80DF834254381A2002BD1FA /* SearchResultsViewController+UITableViewDataSource.swift */; };
		D81365352545E92E003D5B9F /* Repos.swift in Sources */ = {isa = PBXBuildFile; fileRef = D81365342545E92E003D5B9F /* Repos.swift */; };
		D84D142B2540E6DD00656764 /* CurlTask in Resources */ = {isa = PBXBuildFile; fileRef = D84D142A2540E6DD00656764 /* CurlTask */; };
		D84D142F254103B900656764 /* SearchReposViewController.swift in Sources */ = {isa = PBXBuildFile; fileRef = D84D142E254103B900656764 /* SearchReposViewController.swift */; };
		D85A3817253FA04800F5D8ED /* AppDelegate.swift in Sources */ = {isa = PBXBuildFile; fileRef = D85A3816253FA04800F5D8ED /* AppDelegate.swift */; };
		D85A381B253FA04800F5D8ED /* LoginViewController.swift in Sources */ = {isa = PBXBuildFile; fileRef = D85A381A253FA04800F5D8ED /* LoginViewController.swift */; };
		D85A3820253FA04A00F5D8ED /* Assets.xcassets in Resources */ = {isa = PBXBuildFile; fileRef = D85A381F253FA04A00F5D8ED /* Assets.xcassets */; };
		D85A3823253FA04A00F5D8ED /* LaunchScreen.storyboard in Resources */ = {isa = PBXBuildFile; fileRef = D85A3821253FA04A00F5D8ED /* LaunchScreen.storyboard */; };
		D86B3A9F2547750500C96A0F /* Parser.swift in Sources */ = {isa = PBXBuildFile; fileRef = D86B3A9E2547750500C96A0F /* Parser.swift */; };
		D86DDAF22549DD8A00803917 /* SortParams.swift in Sources */ = {isa = PBXBuildFile; fileRef = D86DDAF12549DD8A00803917 /* SortParams.swift */; };
		D89A85442554AC0900CBD3F5 /* CommonWebViewController+UIWebViewDelegate, UIWebViewNavigationDeleagte.swift in Sources */ = {isa = PBXBuildFile; fileRef = D89A85432554AC0900CBD3F5 /* CommonWebViewController+UIWebViewDelegate, UIWebViewNavigationDeleagte.swift */; };
		D89A85482559E47600CBD3F5 /* TFID.swift in Sources */ = {isa = PBXBuildFile; fileRef = D89A85472559E47500CBD3F5 /* TFID.swift */; };
		D8B6A7E7254E2E3500259420 /* UIViewController+CommonAlert.swift in Sources */ = {isa = PBXBuildFile; fileRef = D8B6A7E6254E2E3500259420 /* UIViewController+CommonAlert.swift */; };
		D8B6A7EB254F4B7600259420 /* CommonWebViewController.swift in Sources */ = {isa = PBXBuildFile; fileRef = D8B6A7EA254F4B7600259420 /* CommonWebViewController.swift */; };
		D8D251DD2545C7660031D97A /* Owner.swift in Sources */ = {isa = PBXBuildFile; fileRef = D8D251DC2545C7660031D97A /* Owner.swift */; };
		D8E18712255B3E2E009A79EC /* SearchReposViewController+FaceIdChecking.swift in Sources */ = {isa = PBXBuildFile; fileRef = D8E18711255B3E2E009A79EC /* SearchReposViewController+FaceIdChecking.swift */; };
		D8E266E52552160A00C9D420 /* URL+EasyParametersExtruder.swift in Sources */ = {isa = PBXBuildFile; fileRef = D8E266E42552160A00C9D420 /* URL+EasyParametersExtruder.swift */; };
		D8E266EB2552342000C9D420 /* KeychainService.swift in Sources */ = {isa = PBXBuildFile; fileRef = D8E266EA2552342000C9D420 /* KeychainService.swift */; };
		D8E266EF2552356700C9D420 /* SensitiveDataWarapper.swift in Sources */ = {isa = PBXBuildFile; fileRef = D8E266EE2552356700C9D420 /* SensitiveDataWarapper.swift */; };
		D8E266F325523DD700C9D420 /* CurrentUser.swift in Sources */ = {isa = PBXBuildFile; fileRef = D8E266F225523DD700C9D420 /* CurrentUser.swift */; };
/* End PBXBuildFile section */

/* Begin PBXFileReference section */
		3C7A05646AA573524EEDA052 /* Pods-GitHubApp.debug.xcconfig */ = {isa = PBXFileReference; includeInIndex = 1; lastKnownFileType = text.xcconfig; name = "Pods-GitHubApp.debug.xcconfig"; path = "Target Support Files/Pods-GitHubApp/Pods-GitHubApp.debug.xcconfig"; sourceTree = "<group>"; };
		5D731B94DD4363D6552AFE93 /* Pods-GitHubApp.release.xcconfig */ = {isa = PBXFileReference; includeInIndex = 1; lastKnownFileType = text.xcconfig; name = "Pods-GitHubApp.release.xcconfig"; path = "Target Support Files/Pods-GitHubApp/Pods-GitHubApp.release.xcconfig"; sourceTree = "<group>"; };
		D80DF81525410992002BD1FA /* UIImageView+makeRounded.swift */ = {isa = PBXFileReference; lastKnownFileType = sourcecode.swift; path = "UIImageView+makeRounded.swift"; sourceTree = "<group>"; };
		D80DF819254229AB002BD1FA /* Networking.swift */ = {isa = PBXFileReference; lastKnownFileType = sourcecode.swift; path = Networking.swift; sourceTree = "<group>"; };
		D80DF81D25422A1B002BD1FA /* SearchResultsViewController.swift */ = {isa = PBXFileReference; lastKnownFileType = sourcecode.swift; path = SearchResultsViewController.swift; sourceTree = "<group>"; };
		D80DF82025422A8A002BD1FA /* Repo.swift */ = {isa = PBXFileReference; lastKnownFileType = sourcecode.swift; path = Repo.swift; sourceTree = "<group>"; };
		D80DF82625422CC5002BD1FA /* RepoCell.swift */ = {isa = PBXFileReference; lastKnownFileType = sourcecode.swift; path = RepoCell.swift; sourceTree = "<group>"; };
		D80DF82C2543761A002BD1FA /* HeaderView.swift */ = {isa = PBXFileReference; lastKnownFileType = sourcecode.swift; path = HeaderView.swift; sourceTree = "<group>"; };
		D80DF83025437E13002BD1FA /* SearchResultsViewController+UiTableViewDelegate.swift */ = {isa = PBXFileReference; lastKnownFileType = sourcecode.swift; path = "SearchResultsViewController+UiTableViewDelegate.swift"; sourceTree = "<group>"; };
		D80DF834254381A2002BD1FA /* SearchResultsViewController+UITableViewDataSource.swift */ = {isa = PBXFileReference; lastKnownFileType = sourcecode.swift; path = "SearchResultsViewController+UITableViewDataSource.swift"; sourceTree = "<group>"; };
		D81365342545E92E003D5B9F /* Repos.swift */ = {isa = PBXFileReference; lastKnownFileType = sourcecode.swift; path = Repos.swift; sourceTree = "<group>"; };
		D84D142A2540E6DD00656764 /* CurlTask */ = {isa = PBXFileReference; fileEncoding = 4; lastKnownFileType = text; path = CurlTask; sourceTree = "<group>"; };
		D84D142E254103B900656764 /* SearchReposViewController.swift */ = {isa = PBXFileReference; lastKnownFileType = sourcecode.swift; path = SearchReposViewController.swift; sourceTree = "<group>"; };
		D85A3813253FA04800F5D8ED /* GitHubApp.app */ = {isa = PBXFileReference; explicitFileType = wrapper.application; includeInIndex = 0; path = GitHubApp.app; sourceTree = BUILT_PRODUCTS_DIR; };
		D85A3816253FA04800F5D8ED /* AppDelegate.swift */ = {isa = PBXFileReference; lastKnownFileType = sourcecode.swift; path = AppDelegate.swift; sourceTree = "<group>"; };
		D85A381A253FA04800F5D8ED /* LoginViewController.swift */ = {isa = PBXFileReference; lastKnownFileType = sourcecode.swift; path = LoginViewController.swift; sourceTree = "<group>"; };
		D85A381F253FA04A00F5D8ED /* Assets.xcassets */ = {isa = PBXFileReference; lastKnownFileType = folder.assetcatalog; path = Assets.xcassets; sourceTree = "<group>"; };
		D85A3822253FA04A00F5D8ED /* Base */ = {isa = PBXFileReference; lastKnownFileType = file.storyboard; name = Base; path = Base.lproj/LaunchScreen.storyboard; sourceTree = "<group>"; };
		D85A3824253FA04A00F5D8ED /* Info.plist */ = {isa = PBXFileReference; lastKnownFileType = text.plist.xml; path = Info.plist; sourceTree = "<group>"; };
		D86B3A9E2547750500C96A0F /* Parser.swift */ = {isa = PBXFileReference; lastKnownFileType = sourcecode.swift; path = Parser.swift; sourceTree = "<group>"; };
		D86DDAF12549DD8A00803917 /* SortParams.swift */ = {isa = PBXFileReference; lastKnownFileType = sourcecode.swift; path = SortParams.swift; sourceTree = "<group>"; };
		D89A85432554AC0900CBD3F5 /* CommonWebViewController+UIWebViewDelegate, UIWebViewNavigationDeleagte.swift */ = {isa = PBXFileReference; fileEncoding = 4; lastKnownFileType = sourcecode.swift; path = "CommonWebViewController+UIWebViewDelegate, UIWebViewNavigationDeleagte.swift"; sourceTree = "<group>"; };
		D89A85472559E47500CBD3F5 /* TFID.swift */ = {isa = PBXFileReference; lastKnownFileType = sourcecode.swift; path = TFID.swift; sourceTree = "<group>"; };
		D8B6A7E6254E2E3500259420 /* UIViewController+CommonAlert.swift */ = {isa = PBXFileReference; lastKnownFileType = sourcecode.swift; path = "UIViewController+CommonAlert.swift"; sourceTree = "<group>"; };
		D8B6A7EA254F4B7600259420 /* CommonWebViewController.swift */ = {isa = PBXFileReference; lastKnownFileType = sourcecode.swift; path = CommonWebViewController.swift; sourceTree = "<group>"; };
		D8D251DC2545C7660031D97A /* Owner.swift */ = {isa = PBXFileReference; lastKnownFileType = sourcecode.swift; path = Owner.swift; sourceTree = "<group>"; };
		D8E18711255B3E2E009A79EC /* SearchReposViewController+FaceIdChecking.swift */ = {isa = PBXFileReference; lastKnownFileType = sourcecode.swift; path = "SearchReposViewController+FaceIdChecking.swift"; sourceTree = "<group>"; };
		D8E266E42552160A00C9D420 /* URL+EasyParametersExtruder.swift */ = {isa = PBXFileReference; lastKnownFileType = sourcecode.swift; path = "URL+EasyParametersExtruder.swift"; sourceTree = "<group>"; };
		D8E266EA2552342000C9D420 /* KeychainService.swift */ = {isa = PBXFileReference; lastKnownFileType = sourcecode.swift; path = KeychainService.swift; sourceTree = "<group>"; };
		D8E266EE2552356700C9D420 /* SensitiveDataWarapper.swift */ = {isa = PBXFileReference; lastKnownFileType = sourcecode.swift; path = SensitiveDataWarapper.swift; sourceTree = "<group>"; };
		D8E266F225523DD700C9D420 /* CurrentUser.swift */ = {isa = PBXFileReference; lastKnownFileType = sourcecode.swift; path = CurrentUser.swift; sourceTree = "<group>"; };
		F3D8A2CBC20653BA24DF7D5A /* Pods_GitHubApp.framework */ = {isa = PBXFileReference; explicitFileType = wrapper.framework; includeInIndex = 0; path = Pods_GitHubApp.framework; sourceTree = BUILT_PRODUCTS_DIR; };
/* End PBXFileReference section */

/* Begin PBXFrameworksBuildPhase section */
		D85A3810253FA04800F5D8ED /* Frameworks */ = {
			isa = PBXFrameworksBuildPhase;
			buildActionMask = 2147483647;
			files = (
				8F1B63046C617E05E39EE9C3 /* Pods_GitHubApp.framework in Frameworks */,
			);
			runOnlyForDeploymentPostprocessing = 0;
		};
/* End PBXFrameworksBuildPhase section */

/* Begin PBXGroup section */
		4B31CAA235127ECF6B9C7207 /* Pods */ = {
			isa = PBXGroup;
			children = (
				3C7A05646AA573524EEDA052 /* Pods-GitHubApp.debug.xcconfig */,
				5D731B94DD4363D6552AFE93 /* Pods-GitHubApp.release.xcconfig */,
			);
			path = Pods;
			sourceTree = "<group>";
		};
		5F320B3343B60AFEFA6302C5 /* Frameworks */ = {
			isa = PBXGroup;
			children = (
				F3D8A2CBC20653BA24DF7D5A /* Pods_GitHubApp.framework */,
			);
			name = Frameworks;
			sourceTree = "<group>";
		};
		D80DF8142541097C002BD1FA /* GlobalExtensions */ = {
			isa = PBXGroup;
			children = (
				D8E266E3255215E700C9D420 /* NetworkGlobalExtensions */,
				D80DF81525410992002BD1FA /* UIImageView+makeRounded.swift */,
				D8B6A7E6254E2E3500259420 /* UIViewController+CommonAlert.swift */,
			);
			path = GlobalExtensions;
			sourceTree = "<group>";
		};
		D80DF81825422996002BD1FA /* Model */ = {
			isa = PBXGroup;
			children = (
				D86DDAF02549DC6A00803917 /* Enums */,
				D8D251DB2545C73C0031D97A /* CodableStructures */,
			);
			path = Model;
			sourceTree = "<group>";
		};
		D80DF82425422CAD002BD1FA /* Cells */ = {
			isa = PBXGroup;
			children = (
				D80DF82625422CC5002BD1FA /* RepoCell.swift */,
				D80DF82C2543761A002BD1FA /* HeaderView.swift */,
			);
			path = Cells;
			sourceTree = "<group>";
		};
		D80DF82F25437DEC002BD1FA /* Extensions */ = {
			isa = PBXGroup;
			children = (
				D80DF83025437E13002BD1FA /* SearchResultsViewController+UiTableViewDelegate.swift */,
				D80DF834254381A2002BD1FA /* SearchResultsViewController+UITableViewDataSource.swift */,
				D89A85432554AC0900CBD3F5 /* CommonWebViewController+UIWebViewDelegate, UIWebViewNavigationDeleagte.swift */,
				D8E18711255B3E2E009A79EC /* SearchReposViewController+FaceIdChecking.swift */,
			);
			path = Extensions;
			sourceTree = "<group>";
		};
		D84D14292540E69F00656764 /* TextTasks */ = {
			isa = PBXGroup;
			children = (
				D84D142A2540E6DD00656764 /* CurlTask */,
			);
			path = TextTasks;
			sourceTree = "<group>";
		};
		D84D142D254103A100656764 /* ViewControllers */ = {
			isa = PBXGroup;
			children = (
				D80DF82F25437DEC002BD1FA /* Extensions */,
				D85A381A253FA04800F5D8ED /* LoginViewController.swift */,
				D84D142E254103B900656764 /* SearchReposViewController.swift */,
				D80DF81D25422A1B002BD1FA /* SearchResultsViewController.swift */,
				D8B6A7EA254F4B7600259420 /* CommonWebViewController.swift */,
			);
			path = ViewControllers;
			sourceTree = "<group>";
		};
		D85A380A253FA04800F5D8ED = {
			isa = PBXGroup;
			children = (
				D84D14292540E69F00656764 /* TextTasks */,
				D85A3815253FA04800F5D8ED /* GitHubApp */,
				D85A3814253FA04800F5D8ED /* Products */,
				4B31CAA235127ECF6B9C7207 /* Pods */,
				5F320B3343B60AFEFA6302C5 /* Frameworks */,
			);
			sourceTree = "<group>";
		};
		D85A3814253FA04800F5D8ED /* Products */ = {
			isa = PBXGroup;
			children = (
				D85A3813253FA04800F5D8ED /* GitHubApp.app */,
			);
			name = Products;
			sourceTree = "<group>";
		};
		D85A3815253FA04800F5D8ED /* GitHubApp */ = {
			isa = PBXGroup;
			children = (
				D8E266ED2552350E00C9D420 /* Interfaces */,
				D8E266E92552340100C9D420 /* Security */,
				D8D251DA2545C70A0031D97A /* Networking */,
				D80DF82425422CAD002BD1FA /* Cells */,
				D80DF81825422996002BD1FA /* Model */,
				D80DF8142541097C002BD1FA /* GlobalExtensions */,
				D84D142D254103A100656764 /* ViewControllers */,
				D85A3816253FA04800F5D8ED /* AppDelegate.swift */,
				D85A381F253FA04A00F5D8ED /* Assets.xcassets */,
				D85A3821253FA04A00F5D8ED /* LaunchScreen.storyboard */,
				D85A3824253FA04A00F5D8ED /* Info.plist */,
			);
			path = GitHubApp;
			sourceTree = "<group>";
		};
		D86DDAF02549DC6A00803917 /* Enums */ = {
			isa = PBXGroup;
			children = (
				D86DDAF12549DD8A00803917 /* SortParams.swift */,
			);
			path = Enums;
			sourceTree = "<group>";
		};
		D8D251DA2545C70A0031D97A /* Networking */ = {
			isa = PBXGroup;
			children = (
				D80DF819254229AB002BD1FA /* Networking.swift */,
				D86B3A9E2547750500C96A0F /* Parser.swift */,
			);
			path = Networking;
			sourceTree = "<group>";
		};
		D8D251DB2545C73C0031D97A /* CodableStructures */ = {
			isa = PBXGroup;
			children = (
				D8D251DC2545C7660031D97A /* Owner.swift */,
				D80DF82025422A8A002BD1FA /* Repo.swift */,
				D81365342545E92E003D5B9F /* Repos.swift */,
				D8E266F225523DD700C9D420 /* CurrentUser.swift */,
			);
			path = CodableStructures;
			sourceTree = "<group>";
		};
		D8E266E3255215E700C9D420 /* NetworkGlobalExtensions */ = {
			isa = PBXGroup;
			children = (
				D8E266E42552160A00C9D420 /* URL+EasyParametersExtruder.swift */,
			);
			path = NetworkGlobalExtensions;
			sourceTree = "<group>";
		};
		D8E266E92552340100C9D420 /* Security */ = {
			isa = PBXGroup;
			children = (
				D8E266EA2552342000C9D420 /* KeychainService.swift */,
				D89A85472559E47500CBD3F5 /* TFID.swift */,
			);
			path = Security;
			sourceTree = "<group>";
		};
		D8E266ED2552350E00C9D420 /* Interfaces */ = {
			isa = PBXGroup;
			children = (
				D8E266EE2552356700C9D420 /* SensitiveDataWarapper.swift */,
			);
			path = Interfaces;
			sourceTree = "<group>";
		};
/* End PBXGroup section */

/* Begin PBXNativeTarget section */
		D85A3812253FA04800F5D8ED /* GitHubApp */ = {
			isa = PBXNativeTarget;
			buildConfigurationList = D85A3827253FA04A00F5D8ED /* Build configuration list for PBXNativeTarget "GitHubApp" */;
			buildPhases = (
				B3EDC32EA2C8A082739003B8 /* [CP] Check Pods Manifest.lock */,
				D85A380F253FA04800F5D8ED /* Sources */,
				D85A3810253FA04800F5D8ED /* Frameworks */,
				D85A3811253FA04800F5D8ED /* Resources */,
				1087DEFA344B6448BB013035 /* [CP] Embed Pods Frameworks */,
			);
			buildRules = (
			);
			dependencies = (
			);
			name = GitHubApp;
			productName = GitHubApp;
			productReference = D85A3813253FA04800F5D8ED /* GitHubApp.app */;
			productType = "com.apple.product-type.application";
		};
/* End PBXNativeTarget section */

/* Begin PBXProject section */
		D85A380B253FA04800F5D8ED /* Project object */ = {
			isa = PBXProject;
			attributes = {
				LastSwiftUpdateCheck = 1200;
				LastUpgradeCheck = 1200;
				TargetAttributes = {
					D85A3812253FA04800F5D8ED = {
						CreatedOnToolsVersion = 12.0.1;
					};
				};
			};
			buildConfigurationList = D85A380E253FA04800F5D8ED /* Build configuration list for PBXProject "GitHubApp" */;
			compatibilityVersion = "Xcode 9.3";
			developmentRegion = en;
			hasScannedForEncodings = 0;
			knownRegions = (
				en,
				Base,
			);
			mainGroup = D85A380A253FA04800F5D8ED;
			productRefGroup = D85A3814253FA04800F5D8ED /* Products */;
			projectDirPath = "";
			projectRoot = "";
			targets = (
				D85A3812253FA04800F5D8ED /* GitHubApp */,
			);
		};
/* End PBXProject section */

/* Begin PBXResourcesBuildPhase section */
		D85A3811253FA04800F5D8ED /* Resources */ = {
			isa = PBXResourcesBuildPhase;
			buildActionMask = 2147483647;
			files = (
				D84D142B2540E6DD00656764 /* CurlTask in Resources */,
				D85A3823253FA04A00F5D8ED /* LaunchScreen.storyboard in Resources */,
				D85A3820253FA04A00F5D8ED /* Assets.xcassets in Resources */,
			);
			runOnlyForDeploymentPostprocessing = 0;
		};
/* End PBXResourcesBuildPhase section */

/* Begin PBXShellScriptBuildPhase section */
		1087DEFA344B6448BB013035 /* [CP] Embed Pods Frameworks */ = {
			isa = PBXShellScriptBuildPhase;
			buildActionMask = 2147483647;
			files = (
			);
			inputFileListPaths = (
				"${PODS_ROOT}/Target Support Files/Pods-GitHubApp/Pods-GitHubApp-frameworks-${CONFIGURATION}-input-files.xcfilelist",
			);
			name = "[CP] Embed Pods Frameworks";
			outputFileListPaths = (
				"${PODS_ROOT}/Target Support Files/Pods-GitHubApp/Pods-GitHubApp-frameworks-${CONFIGURATION}-output-files.xcfilelist",
			);
			runOnlyForDeploymentPostprocessing = 0;
			shellPath = /bin/sh;
			shellScript = "\"${PODS_ROOT}/Target Support Files/Pods-GitHubApp/Pods-GitHubApp-frameworks.sh\"\n";
			showEnvVarsInLog = 0;
		};
		B3EDC32EA2C8A082739003B8 /* [CP] Check Pods Manifest.lock */ = {
			isa = PBXShellScriptBuildPhase;
			buildActionMask = 2147483647;
			files = (
			);
			inputFileListPaths = (
			);
			inputPaths = (
				"${PODS_PODFILE_DIR_PATH}/Podfile.lock",
				"${PODS_ROOT}/Manifest.lock",
			);
			name = "[CP] Check Pods Manifest.lock";
			outputFileListPaths = (
			);
			outputPaths = (
				"$(DERIVED_FILE_DIR)/Pods-GitHubApp-checkManifestLockResult.txt",
			);
			runOnlyForDeploymentPostprocessing = 0;
			shellPath = /bin/sh;
			shellScript = "diff \"${PODS_PODFILE_DIR_PATH}/Podfile.lock\" \"${PODS_ROOT}/Manifest.lock\" > /dev/null\nif [ $? != 0 ] ; then\n    # print error to STDERR\n    echo \"error: The sandbox is not in sync with the Podfile.lock. Run 'pod install' or update your CocoaPods installation.\" >&2\n    exit 1\nfi\n# This output is used by Xcode 'outputs' to avoid re-running this script phase.\necho \"SUCCESS\" > \"${SCRIPT_OUTPUT_FILE_0}\"\n";
			showEnvVarsInLog = 0;
		};
/* End PBXShellScriptBuildPhase section */

/* Begin PBXSourcesBuildPhase section */
		D85A380F253FA04800F5D8ED /* Sources */ = {
			isa = PBXSourcesBuildPhase;
			buildActionMask = 2147483647;
			files = (
				D80DF835254381A2002BD1FA /* SearchResultsViewController+UITableViewDataSource.swift in Sources */,
				D85A381B253FA04800F5D8ED /* LoginViewController.swift in Sources */,
				D8E266F325523DD700C9D420 /* CurrentUser.swift in Sources */,
				D86DDAF22549DD8A00803917 /* SortParams.swift in Sources */,
				D80DF81E25422A1B002BD1FA /* SearchResultsViewController.swift in Sources */,
				D80DF81A254229AB002BD1FA /* Networking.swift in Sources */,
				D89A85442554AC0900CBD3F5 /* CommonWebViewController+UIWebViewDelegate, UIWebViewNavigationDeleagte.swift in Sources */,
				D89A85482559E47600CBD3F5 /* TFID.swift in Sources */,
				D84D142F254103B900656764 /* SearchReposViewController.swift in Sources */,
				D8E266E52552160A00C9D420 /* URL+EasyParametersExtruder.swift in Sources */,
				D8E18712255B3E2E009A79EC /* SearchReposViewController+FaceIdChecking.swift in Sources */,
				D80DF82125422A8A002BD1FA /* Repo.swift in Sources */,
				D8B6A7EB254F4B7600259420 /* CommonWebViewController.swift in Sources */,
				D80DF83125437E13002BD1FA /* SearchResultsViewController+UiTableViewDelegate.swift in Sources */,
				D8E266EF2552356700C9D420 /* SensitiveDataWarapper.swift in Sources */,
				D80DF82D2543761A002BD1FA /* HeaderView.swift in Sources */,
				D80DF81625410992002BD1FA /* UIImageView+makeRounded.swift in Sources */,
				D86B3A9F2547750500C96A0F /* Parser.swift in Sources */,
				D8E266EB2552342000C9D420 /* KeychainService.swift in Sources */,
				D85A3817253FA04800F5D8ED /* AppDelegate.swift in Sources */,
				D80DF82725422CC5002BD1FA /* RepoCell.swift in Sources */,
				D8D251DD2545C7660031D97A /* Owner.swift in Sources */,
				D8B6A7E7254E2E3500259420 /* UIViewController+CommonAlert.swift in Sources */,
				D81365352545E92E003D5B9F /* Repos.swift in Sources */,
			);
			runOnlyForDeploymentPostprocessing = 0;
		};
/* End PBXSourcesBuildPhase section */

/* Begin PBXVariantGroup section */
		D85A3821253FA04A00F5D8ED /* LaunchScreen.storyboard */ = {
			isa = PBXVariantGroup;
			children = (
				D85A3822253FA04A00F5D8ED /* Base */,
			);
			name = LaunchScreen.storyboard;
			sourceTree = "<group>";
		};
/* End PBXVariantGroup section */

/* Begin XCBuildConfiguration section */
		D85A3825253FA04A00F5D8ED /* Debug */ = {
			isa = XCBuildConfiguration;
			buildSettings = {
				ALWAYS_SEARCH_USER_PATHS = NO;
				CLANG_ANALYZER_NONNULL = YES;
				CLANG_ANALYZER_NUMBER_OBJECT_CONVERSION = YES_AGGRESSIVE;
				CLANG_CXX_LANGUAGE_STANDARD = "gnu++14";
				CLANG_CXX_LIBRARY = "libc++";
				CLANG_ENABLE_MODULES = YES;
				CLANG_ENABLE_OBJC_ARC = YES;
				CLANG_ENABLE_OBJC_WEAK = YES;
				CLANG_WARN_BLOCK_CAPTURE_AUTORELEASING = YES;
				CLANG_WARN_BOOL_CONVERSION = YES;
				CLANG_WARN_COMMA = YES;
				CLANG_WARN_CONSTANT_CONVERSION = YES;
				CLANG_WARN_DEPRECATED_OBJC_IMPLEMENTATIONS = YES;
				CLANG_WARN_DIRECT_OBJC_ISA_USAGE = YES_ERROR;
				CLANG_WARN_DOCUMENTATION_COMMENTS = YES;
				CLANG_WARN_EMPTY_BODY = YES;
				CLANG_WARN_ENUM_CONVERSION = YES;
				CLANG_WARN_INFINITE_RECURSION = YES;
				CLANG_WARN_INT_CONVERSION = YES;
				CLANG_WARN_NON_LITERAL_NULL_CONVERSION = YES;
				CLANG_WARN_OBJC_IMPLICIT_RETAIN_SELF = YES;
				CLANG_WARN_OBJC_LITERAL_CONVERSION = YES;
				CLANG_WARN_OBJC_ROOT_CLASS = YES_ERROR;
				CLANG_WARN_QUOTED_INCLUDE_IN_FRAMEWORK_HEADER = YES;
				CLANG_WARN_RANGE_LOOP_ANALYSIS = YES;
				CLANG_WARN_STRICT_PROTOTYPES = YES;
				CLANG_WARN_SUSPICIOUS_MOVE = YES;
				CLANG_WARN_UNGUARDED_AVAILABILITY = YES_AGGRESSIVE;
				CLANG_WARN_UNREACHABLE_CODE = YES;
				CLANG_WARN__DUPLICATE_METHOD_MATCH = YES;
				COPY_PHASE_STRIP = NO;
				DEBUG_INFORMATION_FORMAT = dwarf;
				ENABLE_STRICT_OBJC_MSGSEND = YES;
				ENABLE_TESTABILITY = YES;
				GCC_C_LANGUAGE_STANDARD = gnu11;
				GCC_DYNAMIC_NO_PIC = NO;
				GCC_NO_COMMON_BLOCKS = YES;
				GCC_OPTIMIZATION_LEVEL = 0;
				GCC_PREPROCESSOR_DEFINITIONS = (
					"DEBUG=1",
					"$(inherited)",
				);
				GCC_WARN_64_TO_32_BIT_CONVERSION = YES;
				GCC_WARN_ABOUT_RETURN_TYPE = YES_ERROR;
				GCC_WARN_UNDECLARED_SELECTOR = YES;
				GCC_WARN_UNINITIALIZED_AUTOS = YES_AGGRESSIVE;
				GCC_WARN_UNUSED_FUNCTION = YES;
				GCC_WARN_UNUSED_VARIABLE = YES;
				IPHONEOS_DEPLOYMENT_TARGET = 14.0;
				MTL_ENABLE_DEBUG_INFO = INCLUDE_SOURCE;
				MTL_FAST_MATH = YES;
				ONLY_ACTIVE_ARCH = YES;
				SDKROOT = iphoneos;
				SWIFT_ACTIVE_COMPILATION_CONDITIONS = DEBUG;
				SWIFT_OPTIMIZATION_LEVEL = "-Onone";
			};
			name = Debug;
		};
		D85A3826253FA04A00F5D8ED /* Release */ = {
			isa = XCBuildConfiguration;
			buildSettings = {
				ALWAYS_SEARCH_USER_PATHS = NO;
				CLANG_ANALYZER_NONNULL = YES;
				CLANG_ANALYZER_NUMBER_OBJECT_CONVERSION = YES_AGGRESSIVE;
				CLANG_CXX_LANGUAGE_STANDARD = "gnu++14";
				CLANG_CXX_LIBRARY = "libc++";
				CLANG_ENABLE_MODULES = YES;
				CLANG_ENABLE_OBJC_ARC = YES;
				CLANG_ENABLE_OBJC_WEAK = YES;
				CLANG_WARN_BLOCK_CAPTURE_AUTORELEASING = YES;
				CLANG_WARN_BOOL_CONVERSION = YES;
				CLANG_WARN_COMMA = YES;
				CLANG_WARN_CONSTANT_CONVERSION = YES;
				CLANG_WARN_DEPRECATED_OBJC_IMPLEMENTATIONS = YES;
				CLANG_WARN_DIRECT_OBJC_ISA_USAGE = YES_ERROR;
				CLANG_WARN_DOCUMENTATION_COMMENTS = YES;
				CLANG_WARN_EMPTY_BODY = YES;
				CLANG_WARN_ENUM_CONVERSION = YES;
				CLANG_WARN_INFINITE_RECURSION = YES;
				CLANG_WARN_INT_CONVERSION = YES;
				CLANG_WARN_NON_LITERAL_NULL_CONVERSION = YES;
				CLANG_WARN_OBJC_IMPLICIT_RETAIN_SELF = YES;
				CLANG_WARN_OBJC_LITERAL_CONVERSION = YES;
				CLANG_WARN_OBJC_ROOT_CLASS = YES_ERROR;
				CLANG_WARN_QUOTED_INCLUDE_IN_FRAMEWORK_HEADER = YES;
				CLANG_WARN_RANGE_LOOP_ANALYSIS = YES;
				CLANG_WARN_STRICT_PROTOTYPES = YES;
				CLANG_WARN_SUSPICIOUS_MOVE = YES;
				CLANG_WARN_UNGUARDED_AVAILABILITY = YES_AGGRESSIVE;
				CLANG_WARN_UNREACHABLE_CODE = YES;
				CLANG_WARN__DUPLICATE_METHOD_MATCH = YES;
				COPY_PHASE_STRIP = NO;
				DEBUG_INFORMATION_FORMAT = "dwarf-with-dsym";
				ENABLE_NS_ASSERTIONS = NO;
				ENABLE_STRICT_OBJC_MSGSEND = YES;
				GCC_C_LANGUAGE_STANDARD = gnu11;
				GCC_NO_COMMON_BLOCKS = YES;
				GCC_WARN_64_TO_32_BIT_CONVERSION = YES;
				GCC_WARN_ABOUT_RETURN_TYPE = YES_ERROR;
				GCC_WARN_UNDECLARED_SELECTOR = YES;
				GCC_WARN_UNINITIALIZED_AUTOS = YES_AGGRESSIVE;
				GCC_WARN_UNUSED_FUNCTION = YES;
				GCC_WARN_UNUSED_VARIABLE = YES;
				IPHONEOS_DEPLOYMENT_TARGET = 14.0;
				MTL_ENABLE_DEBUG_INFO = NO;
				MTL_FAST_MATH = YES;
				SDKROOT = iphoneos;
				SWIFT_COMPILATION_MODE = wholemodule;
				SWIFT_OPTIMIZATION_LEVEL = "-O";
				VALIDATE_PRODUCT = YES;
			};
			name = Release;
		};
		D85A3828253FA04A00F5D8ED /* Debug */ = {
			isa = XCBuildConfiguration;
			baseConfigurationReference = 3C7A05646AA573524EEDA052 /* Pods-GitHubApp.debug.xcconfig */;
			buildSettings = {
				ASSETCATALOG_COMPILER_APPICON_NAME = AppIcon;
				ASSETCATALOG_COMPILER_GLOBAL_ACCENT_COLOR_NAME = AccentColor;
				CODE_SIGN_STYLE = Automatic;
				DEVELOPMENT_TEAM = 48949KRUQQ;
				FRAMEWORK_SEARCH_PATHS = "\"${PODS_CONFIGURATION_BUILD_DIR}/Kingfisher\"";
				INFOPLIST_FILE = GitHubApp/Info.plist;
				LD_RUNPATH_SEARCH_PATHS = (
					"$(inherited)",
					"@executable_path/Frameworks",
				);
				PRODUCT_BUNDLE_IDENTIFIER = BroSquad.GitHubApp;
				PRODUCT_NAME = "$(TARGET_NAME)";
				SWIFT_VERSION = 5.0;
				TARGETED_DEVICE_FAMILY = "1,2";
			};
			name = Debug;
		};
		D85A3829253FA04A00F5D8ED /* Release */ = {
			isa = XCBuildConfiguration;
			baseConfigurationReference = 5D731B94DD4363D6552AFE93 /* Pods-GitHubApp.release.xcconfig */;
			buildSettings = {
				ASSETCATALOG_COMPILER_APPICON_NAME = AppIcon;
				ASSETCATALOG_COMPILER_GLOBAL_ACCENT_COLOR_NAME = AccentColor;
				CODE_SIGN_STYLE = Automatic;
				DEVELOPMENT_TEAM = 48949KRUQQ;
				FRAMEWORK_SEARCH_PATHS = "\"${PODS_CONFIGURATION_BUILD_DIR}/Kingfisher\"";
				INFOPLIST_FILE = GitHubApp/Info.plist;
				LD_RUNPATH_SEARCH_PATHS = (
					"$(inherited)",
					"@executable_path/Frameworks",
				);
				PRODUCT_BUNDLE_IDENTIFIER = BroSquad.GitHubApp;
				PRODUCT_NAME = "$(TARGET_NAME)";
				SWIFT_VERSION = 5.0;
				TARGETED_DEVICE_FAMILY = "1,2";
			};
			name = Release;
		};
/* End XCBuildConfiguration section */

/* Begin XCConfigurationList section */
		D85A380E253FA04800F5D8ED /* Build configuration list for PBXProject "GitHubApp" */ = {
			isa = XCConfigurationList;
			buildConfigurations = (
				D85A3825253FA04A00F5D8ED /* Debug */,
				D85A3826253FA04A00F5D8ED /* Release */,
			);
			defaultConfigurationIsVisible = 0;
			defaultConfigurationName = Release;
		};
		D85A3827253FA04A00F5D8ED /* Build configuration list for PBXNativeTarget "GitHubApp" */ = {
			isa = XCConfigurationList;
			buildConfigurations = (
				D85A3828253FA04A00F5D8ED /* Debug */,
				D85A3829253FA04A00F5D8ED /* Release */,
			);
			defaultConfigurationIsVisible = 0;
			defaultConfigurationName = Release;
		};
/* End XCConfigurationList section */
	};
	rootObject = D85A380B253FA04800F5D8ED /* Project object */;
}
